// !$*UTF8*$!
{
	archiveVersion = 1;
	classes = {
	};
	objectVersion = 56;
	objects = {

/* Begin PBXBuildFile section */
		416248A1296962260080C77A /* TaskVC.swift in Sources */ = {isa = PBXBuildFile; fileRef = 4162489F296962260080C77A /* TaskVC.swift */; };
		416248A2296962260080C77A /* TaskVC.xib in Resources */ = {isa = PBXBuildFile; fileRef = 416248A0296962260080C77A /* TaskVC.xib */; };
		41C606D429686760001BF536 /* LanguageDM.swift in Sources */ = {isa = PBXBuildFile; fileRef = 41C606D329686760001BF536 /* LanguageDM.swift */; };
		49BCBD14A7B77DFFEB972F93 /* (null) in Frameworks */ = {isa = PBXBuildFile; };
		5205E00029698D9500F91A05 /* ChatsVC.swift in Sources */ = {isa = PBXBuildFile; fileRef = 5205DFFE29698D9500F91A05 /* ChatsVC.swift */; };
		5205E00129698D9500F91A05 /* ChatsVC.xib in Resources */ = {isa = PBXBuildFile; fileRef = 5205DFFF29698D9500F91A05 /* ChatsVC.xib */; };
		5205E02429699E8C00F91A05 /* GetTVC.swift in Sources */ = {isa = PBXBuildFile; fileRef = 5205E02229699E8C00F91A05 /* GetTVC.swift */; };
		5205E02529699E8C00F91A05 /* GetTVC.xib in Resources */ = {isa = PBXBuildFile; fileRef = 5205E02329699E8C00F91A05 /* GetTVC.xib */; };
		5205E02829699EA600F91A05 /* SendTVC.swift in Sources */ = {isa = PBXBuildFile; fileRef = 5205E02629699EA600F91A05 /* SendTVC.swift */; };
		5205E02929699EA600F91A05 /* SendTVC.xib in Resources */ = {isa = PBXBuildFile; fileRef = 5205E02729699EA600F91A05 /* SendTVC.xib */; };
		524022EE296948A3003C17CE /* DayCVC.swift in Sources */ = {isa = PBXBuildFile; fileRef = 524022EC296948A3003C17CE /* DayCVC.swift */; };
		524022EF296948A3003C17CE /* DayCVC.xib in Resources */ = {isa = PBXBuildFile; fileRef = 524022ED296948A3003C17CE /* DayCVC.xib */; };
		524022F32969557A003C17CE /* StatisticsVC.swift in Sources */ = {isa = PBXBuildFile; fileRef = 524022F12969557A003C17CE /* StatisticsVC.swift */; };
		524022F42969557A003C17CE /* StatisticsVC.xib in Resources */ = {isa = PBXBuildFile; fileRef = 524022F22969557A003C17CE /* StatisticsVC.xib */; };
		52568B67296C3EE7006F337E /* LoginDM.swift in Sources */ = {isa = PBXBuildFile; fileRef = 52568B66296C3EE7006F337E /* LoginDM.swift */; };
		52568B69296C4F37006F337E /* Loader.swift in Sources */ = {isa = PBXBuildFile; fileRef = 52568B68296C4F37006F337E /* Loader.swift */; };
		52568B73296C5346006F337E /* pulse.json in Resources */ = {isa = PBXBuildFile; fileRef = 52568B72296C5346006F337E /* pulse.json */; };
		526EDA67296BE15E00D5CA8C /* Reachibility.swift in Sources */ = {isa = PBXBuildFile; fileRef = 526EDA66296BE15E00D5CA8C /* Reachibility.swift */; };
		526EDA69296BE16800D5CA8C /* NET.swift in Sources */ = {isa = PBXBuildFile; fileRef = 526EDA68296BE16800D5CA8C /* NET.swift */; };
		526EDA6B296BE17000D5CA8C /* API.swift in Sources */ = {isa = PBXBuildFile; fileRef = 526EDA6A296BE17000D5CA8C /* API.swift */; };
		5F018440296856F4005F9EBF /* AppDelegate.swift in Sources */ = {isa = PBXBuildFile; fileRef = 5F01843F296856F4005F9EBF /* AppDelegate.swift */; };
		5F018449296856F5005F9EBF /* Assets.xcassets in Resources */ = {isa = PBXBuildFile; fileRef = 5F018448296856F5005F9EBF /* Assets.xcassets */; };
		5F01844C296856F5005F9EBF /* LaunchScreen.storyboard in Resources */ = {isa = PBXBuildFile; fileRef = 5F01844A296856F5005F9EBF /* LaunchScreen.storyboard */; };
		5F01845E29685819005F9EBF /* LexendDeca-SemiBold.ttf in Resources */ = {isa = PBXBuildFile; fileRef = 5F01845A29685819005F9EBF /* LexendDeca-SemiBold.ttf */; };
		5F01845F29685819005F9EBF /* LexendDeca-Medium.ttf in Resources */ = {isa = PBXBuildFile; fileRef = 5F01845B29685819005F9EBF /* LexendDeca-Medium.ttf */; };
		5F01846029685819005F9EBF /* LexendDeca-Regular.ttf in Resources */ = {isa = PBXBuildFile; fileRef = 5F01845C29685819005F9EBF /* LexendDeca-Regular.ttf */; };
		5F01846129685819005F9EBF /* LexendDeca-Bold.ttf in Resources */ = {isa = PBXBuildFile; fileRef = 5F01845D29685819005F9EBF /* LexendDeca-Bold.ttf */; };
		5F01846429685824005F9EBF /* Ex+UIView.swift in Sources */ = {isa = PBXBuildFile; fileRef = 5F01846229685824005F9EBF /* Ex+UIView.swift */; };
		5F01846529685824005F9EBF /* Ex+UIViewController.swift in Sources */ = {isa = PBXBuildFile; fileRef = 5F01846329685824005F9EBF /* Ex+UIViewController.swift */; };
		5F01846B2968586F005F9EBF /* SettingsTVC.swift in Sources */ = {isa = PBXBuildFile; fileRef = 5F0184692968586F005F9EBF /* SettingsTVC.swift */; };
		5F01846F29685881005F9EBF /* SettingsTVC.xib in Resources */ = {isa = PBXBuildFile; fileRef = 5F01846D29685881005F9EBF /* SettingsTVC.xib */; };
		5F0184772968588C005F9EBF /* StartTaskVC.xib in Resources */ = {isa = PBXBuildFile; fileRef = 5F0184702968588C005F9EBF /* StartTaskVC.xib */; };
		5F0184782968588C005F9EBF /* HomeVC.xib in Resources */ = {isa = PBXBuildFile; fileRef = 5F0184712968588C005F9EBF /* HomeVC.xib */; };
		5F0184792968588C005F9EBF /* TodaysTaskVC.xib in Resources */ = {isa = PBXBuildFile; fileRef = 5F0184722968588C005F9EBF /* TodaysTaskVC.xib */; };
		5F01847A2968588C005F9EBF /* ProfileVC.xib in Resources */ = {isa = PBXBuildFile; fileRef = 5F0184732968588C005F9EBF /* ProfileVC.xib */; };
		5F018485296858A2005F9EBF /* ProfileVC.swift in Sources */ = {isa = PBXBuildFile; fileRef = 5F01847E296858A1005F9EBF /* ProfileVC.swift */; };
		5F018487296858A2005F9EBF /* TodaysTaskVC.swift in Sources */ = {isa = PBXBuildFile; fileRef = 5F018480296858A1005F9EBF /* TodaysTaskVC.swift */; };
		5F018489296858A2005F9EBF /* StartTaskVC.swift in Sources */ = {isa = PBXBuildFile; fileRef = 5F018482296858A2005F9EBF /* StartTaskVC.swift */; };
		5F01848B296858A2005F9EBF /* HomeVC.swift in Sources */ = {isa = PBXBuildFile; fileRef = 5F018484296858A2005F9EBF /* HomeVC.swift */; };
		5F01848D296858B0005F9EBF /* SettingsDM.swift in Sources */ = {isa = PBXBuildFile; fileRef = 5F01848C296858B0005F9EBF /* SettingsDM.swift */; };
		5F01849929685D55005F9EBF /* LanguageCache.swift in Sources */ = {isa = PBXBuildFile; fileRef = 5F01849829685D55005F9EBF /* LanguageCache.swift */; };
		5F2644FD296C590F005C480C /* TaskDM.swift in Sources */ = {isa = PBXBuildFile; fileRef = 5F2644FC296C590F005C480C /* TaskDM.swift */; };
		5F2644FF296C592E005C480C /* TaskTVC.xib in Resources */ = {isa = PBXBuildFile; fileRef = 5F2644FE296C592E005C480C /* TaskTVC.xib */; };
		5F264501296C5949005C480C /* TaskTVC.swift in Sources */ = {isa = PBXBuildFile; fileRef = 5F264500296C5949005C480C /* TaskTVC.swift */; };
		5F264503296C6636005C480C /* Ex+UIWindow.swift in Sources */ = {isa = PBXBuildFile; fileRef = 5F264502296C6636005C480C /* Ex+UIWindow.swift */; };
		5F2C4BD02969731E00D0285D /* Ex+String.swift in Sources */ = {isa = PBXBuildFile; fileRef = 5F2C4BCF2969731E00D0285D /* Ex+String.swift */; };
		5F2C4BD32969855100D0285D /* EndTaskVC.swift in Sources */ = {isa = PBXBuildFile; fileRef = 5F2C4BD12969855100D0285D /* EndTaskVC.swift */; };
		5F2C4BD42969855100D0285D /* EndTaskVC.xib in Resources */ = {isa = PBXBuildFile; fileRef = 5F2C4BD22969855100D0285D /* EndTaskVC.xib */; };
		5F397BBF296869410059A1B0 /* EditProfileVC.swift in Sources */ = {isa = PBXBuildFile; fileRef = 5F397BBD296869410059A1B0 /* EditProfileVC.swift */; };
		5F397BC0296869410059A1B0 /* EditProfileVC.xib in Resources */ = {isa = PBXBuildFile; fileRef = 5F397BBE296869410059A1B0 /* EditProfileVC.xib */; };
		5F9EC2EF296D4811002FC1D2 /* UserDM.swift in Sources */ = {isa = PBXBuildFile; fileRef = 5F9EC2EE296D4811002FC1D2 /* UserDM.swift */; };
		5F9EC2F6296DC967002FC1D2 /* SignUpVC.xib in Resources */ = {isa = PBXBuildFile; fileRef = 5F9EC2F3296DC967002FC1D2 /* SignUpVC.xib */; };
		5F9EC2F7296DC967002FC1D2 /* LanguageVC.xib in Resources */ = {isa = PBXBuildFile; fileRef = 5F9EC2F4296DC967002FC1D2 /* LanguageVC.xib */; };
		5F9EC2F8296DC967002FC1D2 /* StartVC.xib in Resources */ = {isa = PBXBuildFile; fileRef = 5F9EC2F5296DC967002FC1D2 /* StartVC.xib */; };
		5F9EC2FC296DC9A6002FC1D2 /* StartVC.swift in Sources */ = {isa = PBXBuildFile; fileRef = 5F9EC2F9296DC9A6002FC1D2 /* StartVC.swift */; };
		5F9EC2FD296DC9A6002FC1D2 /* SignUpVC.swift in Sources */ = {isa = PBXBuildFile; fileRef = 5F9EC2FA296DC9A6002FC1D2 /* SignUpVC.swift */; };
		5F9EC2FE296DC9A6002FC1D2 /* LanguageVC.swift in Sources */ = {isa = PBXBuildFile; fileRef = 5F9EC2FB296DC9A6002FC1D2 /* LanguageVC.swift */; };
		A7B44C3ECBD77BF770A2BFB3 /* Pods_Task_Managment.framework in Frameworks */ = {isa = PBXBuildFile; fileRef = 085BCAAB5C6C7959AD3C5AF6 /* Pods_Task_Managment.framework */; };
/* End PBXBuildFile section */

/* Begin PBXFileReference section */
		085BCAAB5C6C7959AD3C5AF6 /* Pods_Task_Managment.framework */ = {isa = PBXFileReference; explicitFileType = wrapper.framework; includeInIndex = 0; path = Pods_Task_Managment.framework; sourceTree = BUILT_PRODUCTS_DIR; };
		4162489F296962260080C77A /* TaskVC.swift */ = {isa = PBXFileReference; lastKnownFileType = sourcecode.swift; path = TaskVC.swift; sourceTree = "<group>"; };
		416248A0296962260080C77A /* TaskVC.xib */ = {isa = PBXFileReference; lastKnownFileType = file.xib; path = TaskVC.xib; sourceTree = "<group>"; };
		41C606D329686760001BF536 /* LanguageDM.swift */ = {isa = PBXFileReference; lastKnownFileType = sourcecode.swift; path = LanguageDM.swift; sourceTree = "<group>"; };
		463C7CDD1E2BFC1B3791599C /* Pods-Task_Managment.release.xcconfig */ = {isa = PBXFileReference; includeInIndex = 1; lastKnownFileType = text.xcconfig; name = "Pods-Task_Managment.release.xcconfig"; path = "Target Support Files/Pods-Task_Managment/Pods-Task_Managment.release.xcconfig"; sourceTree = "<group>"; };
		5205DFFE29698D9500F91A05 /* ChatsVC.swift */ = {isa = PBXFileReference; lastKnownFileType = sourcecode.swift; path = ChatsVC.swift; sourceTree = "<group>"; };
		5205DFFF29698D9500F91A05 /* ChatsVC.xib */ = {isa = PBXFileReference; lastKnownFileType = file.xib; path = ChatsVC.xib; sourceTree = "<group>"; };
		5205E02229699E8C00F91A05 /* GetTVC.swift */ = {isa = PBXFileReference; lastKnownFileType = sourcecode.swift; path = GetTVC.swift; sourceTree = "<group>"; };
		5205E02329699E8C00F91A05 /* GetTVC.xib */ = {isa = PBXFileReference; lastKnownFileType = file.xib; path = GetTVC.xib; sourceTree = "<group>"; };
		5205E02629699EA600F91A05 /* SendTVC.swift */ = {isa = PBXFileReference; lastKnownFileType = sourcecode.swift; path = SendTVC.swift; sourceTree = "<group>"; };
		5205E02729699EA600F91A05 /* SendTVC.xib */ = {isa = PBXFileReference; lastKnownFileType = file.xib; path = SendTVC.xib; sourceTree = "<group>"; };
		524022EC296948A3003C17CE /* DayCVC.swift */ = {isa = PBXFileReference; lastKnownFileType = sourcecode.swift; path = DayCVC.swift; sourceTree = "<group>"; };
		524022ED296948A3003C17CE /* DayCVC.xib */ = {isa = PBXFileReference; lastKnownFileType = file.xib; path = DayCVC.xib; sourceTree = "<group>"; };
		524022F12969557A003C17CE /* StatisticsVC.swift */ = {isa = PBXFileReference; lastKnownFileType = sourcecode.swift; path = StatisticsVC.swift; sourceTree = "<group>"; };
		524022F22969557A003C17CE /* StatisticsVC.xib */ = {isa = PBXFileReference; lastKnownFileType = file.xib; path = StatisticsVC.xib; sourceTree = "<group>"; };
		52568B66296C3EE7006F337E /* LoginDM.swift */ = {isa = PBXFileReference; lastKnownFileType = sourcecode.swift; path = LoginDM.swift; sourceTree = "<group>"; };
		52568B68296C4F37006F337E /* Loader.swift */ = {isa = PBXFileReference; lastKnownFileType = sourcecode.swift; path = Loader.swift; sourceTree = "<group>"; };
		52568B72296C5346006F337E /* pulse.json */ = {isa = PBXFileReference; fileEncoding = 4; lastKnownFileType = text.json; path = pulse.json; sourceTree = "<group>"; };
		526EDA66296BE15E00D5CA8C /* Reachibility.swift */ = {isa = PBXFileReference; lastKnownFileType = sourcecode.swift; path = Reachibility.swift; sourceTree = "<group>"; };
		526EDA68296BE16800D5CA8C /* NET.swift */ = {isa = PBXFileReference; lastKnownFileType = sourcecode.swift; path = NET.swift; sourceTree = "<group>"; };
		526EDA6A296BE17000D5CA8C /* API.swift */ = {isa = PBXFileReference; lastKnownFileType = sourcecode.swift; path = API.swift; sourceTree = "<group>"; };
		5F01843C296856F4005F9EBF /* Task_Managment.app */ = {isa = PBXFileReference; explicitFileType = wrapper.application; includeInIndex = 0; path = Task_Managment.app; sourceTree = BUILT_PRODUCTS_DIR; };
		5F01843F296856F4005F9EBF /* AppDelegate.swift */ = {isa = PBXFileReference; lastKnownFileType = sourcecode.swift; path = AppDelegate.swift; sourceTree = "<group>"; };
		5F018448296856F5005F9EBF /* Assets.xcassets */ = {isa = PBXFileReference; lastKnownFileType = folder.assetcatalog; path = Assets.xcassets; sourceTree = "<group>"; };
		5F01844B296856F5005F9EBF /* Base */ = {isa = PBXFileReference; lastKnownFileType = file.storyboard; name = Base; path = Base.lproj/LaunchScreen.storyboard; sourceTree = "<group>"; };
		5F01844D296856F5005F9EBF /* Info.plist */ = {isa = PBXFileReference; lastKnownFileType = text.plist.xml; path = Info.plist; sourceTree = "<group>"; };
		5F01845A29685819005F9EBF /* LexendDeca-SemiBold.ttf */ = {isa = PBXFileReference; lastKnownFileType = file; path = "LexendDeca-SemiBold.ttf"; sourceTree = "<group>"; };
		5F01845B29685819005F9EBF /* LexendDeca-Medium.ttf */ = {isa = PBXFileReference; lastKnownFileType = file; path = "LexendDeca-Medium.ttf"; sourceTree = "<group>"; };
		5F01845C29685819005F9EBF /* LexendDeca-Regular.ttf */ = {isa = PBXFileReference; lastKnownFileType = file; path = "LexendDeca-Regular.ttf"; sourceTree = "<group>"; };
		5F01845D29685819005F9EBF /* LexendDeca-Bold.ttf */ = {isa = PBXFileReference; lastKnownFileType = file; path = "LexendDeca-Bold.ttf"; sourceTree = "<group>"; };
		5F01846229685824005F9EBF /* Ex+UIView.swift */ = {isa = PBXFileReference; fileEncoding = 4; lastKnownFileType = sourcecode.swift; path = "Ex+UIView.swift"; sourceTree = "<group>"; wrapsLines = 0; };
		5F01846329685824005F9EBF /* Ex+UIViewController.swift */ = {isa = PBXFileReference; fileEncoding = 4; lastKnownFileType = sourcecode.swift; path = "Ex+UIViewController.swift"; sourceTree = "<group>"; };
		5F0184692968586F005F9EBF /* SettingsTVC.swift */ = {isa = PBXFileReference; fileEncoding = 4; lastKnownFileType = sourcecode.swift; path = SettingsTVC.swift; sourceTree = "<group>"; };
		5F01846D29685881005F9EBF /* SettingsTVC.xib */ = {isa = PBXFileReference; fileEncoding = 4; lastKnownFileType = file.xib; path = SettingsTVC.xib; sourceTree = "<group>"; };
		5F0184702968588C005F9EBF /* StartTaskVC.xib */ = {isa = PBXFileReference; fileEncoding = 4; lastKnownFileType = file.xib; path = StartTaskVC.xib; sourceTree = "<group>"; };
		5F0184712968588C005F9EBF /* HomeVC.xib */ = {isa = PBXFileReference; fileEncoding = 4; lastKnownFileType = file.xib; path = HomeVC.xib; sourceTree = "<group>"; };
		5F0184722968588C005F9EBF /* TodaysTaskVC.xib */ = {isa = PBXFileReference; fileEncoding = 4; lastKnownFileType = file.xib; path = TodaysTaskVC.xib; sourceTree = "<group>"; };
		5F0184732968588C005F9EBF /* ProfileVC.xib */ = {isa = PBXFileReference; fileEncoding = 4; lastKnownFileType = file.xib; path = ProfileVC.xib; sourceTree = "<group>"; };
		5F01847E296858A1005F9EBF /* ProfileVC.swift */ = {isa = PBXFileReference; fileEncoding = 4; lastKnownFileType = sourcecode.swift; path = ProfileVC.swift; sourceTree = "<group>"; };
		5F018480296858A1005F9EBF /* TodaysTaskVC.swift */ = {isa = PBXFileReference; fileEncoding = 4; lastKnownFileType = sourcecode.swift; path = TodaysTaskVC.swift; sourceTree = "<group>"; };
		5F018482296858A2005F9EBF /* StartTaskVC.swift */ = {isa = PBXFileReference; fileEncoding = 4; lastKnownFileType = sourcecode.swift; path = StartTaskVC.swift; sourceTree = "<group>"; };
		5F018484296858A2005F9EBF /* HomeVC.swift */ = {isa = PBXFileReference; fileEncoding = 4; lastKnownFileType = sourcecode.swift; path = HomeVC.swift; sourceTree = "<group>"; };
		5F01848C296858B0005F9EBF /* SettingsDM.swift */ = {isa = PBXFileReference; fileEncoding = 4; lastKnownFileType = sourcecode.swift; path = SettingsDM.swift; sourceTree = "<group>"; };
		5F01849829685D55005F9EBF /* LanguageCache.swift */ = {isa = PBXFileReference; lastKnownFileType = sourcecode.swift; path = LanguageCache.swift; sourceTree = "<group>"; };
		5F2644FC296C590F005C480C /* TaskDM.swift */ = {isa = PBXFileReference; fileEncoding = 4; lastKnownFileType = sourcecode.swift; path = TaskDM.swift; sourceTree = "<group>"; };
		5F2644FE296C592E005C480C /* TaskTVC.xib */ = {isa = PBXFileReference; fileEncoding = 4; lastKnownFileType = file.xib; path = TaskTVC.xib; sourceTree = "<group>"; };
		5F264500296C5949005C480C /* TaskTVC.swift */ = {isa = PBXFileReference; fileEncoding = 4; lastKnownFileType = sourcecode.swift; path = TaskTVC.swift; sourceTree = "<group>"; };
		5F264502296C6636005C480C /* Ex+UIWindow.swift */ = {isa = PBXFileReference; lastKnownFileType = sourcecode.swift; path = "Ex+UIWindow.swift"; sourceTree = "<group>"; };
		5F2C4BCF2969731E00D0285D /* Ex+String.swift */ = {isa = PBXFileReference; lastKnownFileType = sourcecode.swift; path = "Ex+String.swift"; sourceTree = "<group>"; };
		5F2C4BD12969855100D0285D /* EndTaskVC.swift */ = {isa = PBXFileReference; lastKnownFileType = sourcecode.swift; path = EndTaskVC.swift; sourceTree = "<group>"; };
		5F2C4BD22969855100D0285D /* EndTaskVC.xib */ = {isa = PBXFileReference; lastKnownFileType = file.xib; path = EndTaskVC.xib; sourceTree = "<group>"; };
		5F397BBD296869410059A1B0 /* EditProfileVC.swift */ = {isa = PBXFileReference; lastKnownFileType = sourcecode.swift; path = EditProfileVC.swift; sourceTree = "<group>"; };
		5F397BBE296869410059A1B0 /* EditProfileVC.xib */ = {isa = PBXFileReference; lastKnownFileType = file.xib; path = EditProfileVC.xib; sourceTree = "<group>"; };
		5F9EC2EE296D4811002FC1D2 /* UserDM.swift */ = {isa = PBXFileReference; lastKnownFileType = sourcecode.swift; path = UserDM.swift; sourceTree = "<group>"; };
		5F9EC2F3296DC967002FC1D2 /* SignUpVC.xib */ = {isa = PBXFileReference; fileEncoding = 4; lastKnownFileType = file.xib; path = SignUpVC.xib; sourceTree = "<group>"; };
		5F9EC2F4296DC967002FC1D2 /* LanguageVC.xib */ = {isa = PBXFileReference; fileEncoding = 4; lastKnownFileType = file.xib; path = LanguageVC.xib; sourceTree = "<group>"; };
		5F9EC2F5296DC967002FC1D2 /* StartVC.xib */ = {isa = PBXFileReference; fileEncoding = 4; lastKnownFileType = file.xib; path = StartVC.xib; sourceTree = "<group>"; };
		5F9EC2F9296DC9A6002FC1D2 /* StartVC.swift */ = {isa = PBXFileReference; fileEncoding = 4; lastKnownFileType = sourcecode.swift; path = StartVC.swift; sourceTree = "<group>"; };
		5F9EC2FA296DC9A6002FC1D2 /* SignUpVC.swift */ = {isa = PBXFileReference; fileEncoding = 4; lastKnownFileType = sourcecode.swift; path = SignUpVC.swift; sourceTree = "<group>"; };
		5F9EC2FB296DC9A6002FC1D2 /* LanguageVC.swift */ = {isa = PBXFileReference; fileEncoding = 4; lastKnownFileType = sourcecode.swift; path = LanguageVC.swift; sourceTree = "<group>"; };
		E08D7915ABBC43DEA538AD38 /* Pods-Task_Managment.debug.xcconfig */ = {isa = PBXFileReference; includeInIndex = 1; lastKnownFileType = text.xcconfig; name = "Pods-Task_Managment.debug.xcconfig"; path = "Target Support Files/Pods-Task_Managment/Pods-Task_Managment.debug.xcconfig"; sourceTree = "<group>"; };
/* End PBXFileReference section */

/* Begin PBXFrameworksBuildPhase section */
		5F018439296856F4005F9EBF /* Frameworks */ = {
			isa = PBXFrameworksBuildPhase;
			buildActionMask = 2147483647;
			files = (
				49BCBD14A7B77DFFEB972F93 /* (null) in Frameworks */,
				A7B44C3ECBD77BF770A2BFB3 /* Pods_Task_Managment.framework in Frameworks */,
			);
			runOnlyForDeploymentPostprocessing = 0;
		};
/* End PBXFrameworksBuildPhase section */

/* Begin PBXGroup section */
		28C33BEAF0F9C59E34C0366C /* Frameworks */ = {
			isa = PBXGroup;
			children = (
				085BCAAB5C6C7959AD3C5AF6 /* Pods_Task_Managment.framework */,
			);
			name = Frameworks;
			sourceTree = "<group>";
		};
		524022EB2969487D003C17CE /* CVC */ = {
			isa = PBXGroup;
			children = (
				524022ED296948A3003C17CE /* DayCVC.xib */,
			);
			path = CVC;
			sourceTree = "<group>";
		};
		524022F0296948B7003C17CE /* CVC */ = {
			isa = PBXGroup;
			children = (
				524022EC296948A3003C17CE /* DayCVC.swift */,
			);
			path = CVC;
			sourceTree = "<group>";
		};
		526EDA65296BE14C00D5CA8C /* Networking */ = {
			isa = PBXGroup;
			children = (
				526EDA66296BE15E00D5CA8C /* Reachibility.swift */,
				526EDA68296BE16800D5CA8C /* NET.swift */,
				526EDA6A296BE17000D5CA8C /* API.swift */,
			);
			path = Networking;
			sourceTree = "<group>";
		};
		5F018433296856F4005F9EBF = {
			isa = PBXGroup;
			children = (
				5F01843E296856F4005F9EBF /* Task_Managment */,
				5F01843D296856F4005F9EBF /* Products */,
				637A5331000C842F32FC8A08 /* Pods */,
				28C33BEAF0F9C59E34C0366C /* Frameworks */,
			);
			sourceTree = "<group>";
		};
		5F01843D296856F4005F9EBF /* Products */ = {
			isa = PBXGroup;
			children = (
				5F01843C296856F4005F9EBF /* Task_Managment.app */,
			);
			name = Products;
			sourceTree = "<group>";
		};
		5F01843E296856F4005F9EBF /* Task_Managment */ = {
			isa = PBXGroup;
			children = (
				5F01843F296856F4005F9EBF /* AppDelegate.swift */,
				526EDA65296BE14C00D5CA8C /* Networking */,
				5F01845329685771005F9EBF /* Model */,
				5F01845629685789005F9EBF /* View */,
				5F01845429685776005F9EBF /* Controller */,
				5F018457296857A1005F9EBF /* Fonts */,
				5F01845529685780005F9EBF /* Extension */,
				5F018448296856F5005F9EBF /* Assets.xcassets */,
				5F01844A296856F5005F9EBF /* LaunchScreen.storyboard */,
				5F01844D296856F5005F9EBF /* Info.plist */,
			);
			path = Task_Managment;
			sourceTree = "<group>";
		};
		5F01845329685771005F9EBF /* Model */ = {
			isa = PBXGroup;
			children = (
				5F01848C296858B0005F9EBF /* SettingsDM.swift */,
				41C606D329686760001BF536 /* LanguageDM.swift */,
				5F2644FC296C590F005C480C /* TaskDM.swift */,
				52568B66296C3EE7006F337E /* LoginDM.swift */,
				5F9EC2EE296D4811002FC1D2 /* UserDM.swift */,
			);
			path = Model;
			sourceTree = "<group>";
		};
		5F01845429685776005F9EBF /* Controller */ = {
			isa = PBXGroup;
			children = (
				5F0184662968583C005F9EBF /* VC */,
				5F018459296857CC005F9EBF /* TVC */,
				524022F0296948B7003C17CE /* CVC */,
			);
			path = Controller;
			sourceTree = "<group>";
		};
		5F01845529685780005F9EBF /* Extension */ = {
			isa = PBXGroup;
			children = (
				5F01846229685824005F9EBF /* Ex+UIView.swift */,
				5F01846329685824005F9EBF /* Ex+UIViewController.swift */,
				5F01849829685D55005F9EBF /* LanguageCache.swift */,
				5F2C4BCF2969731E00D0285D /* Ex+String.swift */,
				52568B68296C4F37006F337E /* Loader.swift */,
				52568B72296C5346006F337E /* pulse.json */,
				5F264502296C6636005C480C /* Ex+UIWindow.swift */,
			);
			path = Extension;
			sourceTree = "<group>";
		};
		5F01845629685789005F9EBF /* View */ = {
			isa = PBXGroup;
			children = (
				5F0184672968584D005F9EBF /* VC */,
				5F018458296857C6005F9EBF /* TVC */,
				524022EB2969487D003C17CE /* CVC */,
			);
			path = View;
			sourceTree = "<group>";
		};
		5F018457296857A1005F9EBF /* Fonts */ = {
			isa = PBXGroup;
			children = (
				5F01845D29685819005F9EBF /* LexendDeca-Bold.ttf */,
				5F01845B29685819005F9EBF /* LexendDeca-Medium.ttf */,
				5F01845C29685819005F9EBF /* LexendDeca-Regular.ttf */,
				5F01845A29685819005F9EBF /* LexendDeca-SemiBold.ttf */,
			);
			path = Fonts;
			sourceTree = "<group>";
		};
		5F018458296857C6005F9EBF /* TVC */ = {
			isa = PBXGroup;
			children = (
				5F01846D29685881005F9EBF /* SettingsTVC.xib */,
				5F2644FE296C592E005C480C /* TaskTVC.xib */,
				5205E02329699E8C00F91A05 /* GetTVC.xib */,
				5205E02729699EA600F91A05 /* SendTVC.xib */,
			);
			path = TVC;
			sourceTree = "<group>";
		};
		5F018459296857CC005F9EBF /* TVC */ = {
			isa = PBXGroup;
			children = (
				5F0184692968586F005F9EBF /* SettingsTVC.swift */,
				5F264500296C5949005C480C /* TaskTVC.swift */,
				5205E02229699E8C00F91A05 /* GetTVC.swift */,
				5205E02629699EA600F91A05 /* SendTVC.swift */,
			);
			path = TVC;
			sourceTree = "<group>";
		};
		5F0184662968583C005F9EBF /* VC */ = {
			isa = PBXGroup;
			children = (
				5F9EC2FB296DC9A6002FC1D2 /* LanguageVC.swift */,
				5F9EC2FA296DC9A6002FC1D2 /* SignUpVC.swift */,
				5F9EC2F9296DC9A6002FC1D2 /* StartVC.swift */,
				5F018484296858A2005F9EBF /* HomeVC.swift */,
				5F01847E296858A1005F9EBF /* ProfileVC.swift */,
				5F018482296858A2005F9EBF /* StartTaskVC.swift */,
				5F018480296858A1005F9EBF /* TodaysTaskVC.swift */,
				5F397BBD296869410059A1B0 /* EditProfileVC.swift */,
				4162489F296962260080C77A /* TaskVC.swift */,
				524022F12969557A003C17CE /* StatisticsVC.swift */,
				5205DFFE29698D9500F91A05 /* ChatsVC.swift */,
				5F2C4BD12969855100D0285D /* EndTaskVC.swift */,
			);
			path = VC;
			sourceTree = "<group>";
		};
		5F0184672968584D005F9EBF /* VC */ = {
			isa = PBXGroup;
			children = (
				5F0184712968588C005F9EBF /* HomeVC.xib */,
				5F9EC2F4296DC967002FC1D2 /* LanguageVC.xib */,
				5F9EC2F3296DC967002FC1D2 /* SignUpVC.xib */,
				5F9EC2F5296DC967002FC1D2 /* StartVC.xib */,
				5F0184732968588C005F9EBF /* ProfileVC.xib */,
				5F0184702968588C005F9EBF /* StartTaskVC.xib */,
				5F0184722968588C005F9EBF /* TodaysTaskVC.xib */,
				5F397BBE296869410059A1B0 /* EditProfileVC.xib */,
				416248A0296962260080C77A /* TaskVC.xib */,
				524022F22969557A003C17CE /* StatisticsVC.xib */,
				5205DFFF29698D9500F91A05 /* ChatsVC.xib */,
				5F2C4BD22969855100D0285D /* EndTaskVC.xib */,
			);
			path = VC;
			sourceTree = "<group>";
		};
		637A5331000C842F32FC8A08 /* Pods */ = {
			isa = PBXGroup;
			children = (
				463C7CDD1E2BFC1B3791599C /* Pods-Task_Managment.release.xcconfig */,
				E08D7915ABBC43DEA538AD38 /* Pods-Task_Managment.debug.xcconfig */,
			);
			path = Pods;
			sourceTree = "<group>";
		};
/* End PBXGroup section */

/* Begin PBXNativeTarget section */
		5F01843B296856F4005F9EBF /* Task_Managment */ = {
			isa = PBXNativeTarget;
			buildConfigurationList = 5F018450296856F5005F9EBF /* Build configuration list for PBXNativeTarget "Task_Managment" */;
			buildPhases = (
				DFE517A797FDAF5FCABFDCC2 /* [CP] Check Pods Manifest.lock */,
				5F018438296856F4005F9EBF /* Sources */,
				5F018439296856F4005F9EBF /* Frameworks */,
				5F01843A296856F4005F9EBF /* Resources */,
				31B61AA01B03A3D3E188FB1D /* [CP] Embed Pods Frameworks */,
			);
			buildRules = (
			);
			dependencies = (
			);
			name = Task_Managment;
			productName = Task_Managment;
			productReference = 5F01843C296856F4005F9EBF /* Task_Managment.app */;
			productType = "com.apple.product-type.application";
		};
/* End PBXNativeTarget section */

/* Begin PBXProject section */
		5F018434296856F4005F9EBF /* Project object */ = {
			isa = PBXProject;
			attributes = {
				BuildIndependentTargetsInParallel = 1;
				LastSwiftUpdateCheck = 1420;
				LastUpgradeCheck = 1420;
				TargetAttributes = {
					5F01843B296856F4005F9EBF = {
						CreatedOnToolsVersion = 14.2;
					};
				};
			};
			buildConfigurationList = 5F018437296856F4005F9EBF /* Build configuration list for PBXProject "Task_Managment" */;
			compatibilityVersion = "Xcode 14.0";
			developmentRegion = en;
			hasScannedForEncodings = 0;
			knownRegions = (
				en,
				Base,
			);
			mainGroup = 5F018433296856F4005F9EBF;
			productRefGroup = 5F01843D296856F4005F9EBF /* Products */;
			projectDirPath = "";
			projectRoot = "";
			targets = (
				5F01843B296856F4005F9EBF /* Task_Managment */,
			);
		};
/* End PBXProject section */

/* Begin PBXResourcesBuildPhase section */
		5F01843A296856F4005F9EBF /* Resources */ = {
			isa = PBXResourcesBuildPhase;
			buildActionMask = 2147483647;
			files = (
				5F01846029685819005F9EBF /* LexendDeca-Regular.ttf in Resources */,
				5F2644FF296C592E005C480C /* TaskTVC.xib in Resources */,
				5205E00129698D9500F91A05 /* ChatsVC.xib in Resources */,
				5F397BC0296869410059A1B0 /* EditProfileVC.xib in Resources */,
				5F01845F29685819005F9EBF /* LexendDeca-Medium.ttf in Resources */,
				524022F42969557A003C17CE /* StatisticsVC.xib in Resources */,
				5F0184772968588C005F9EBF /* StartTaskVC.xib in Resources */,
				5F01847A2968588C005F9EBF /* ProfileVC.xib in Resources */,
				524022EF296948A3003C17CE /* DayCVC.xib in Resources */,
				5F01846129685819005F9EBF /* LexendDeca-Bold.ttf in Resources */,
				5205E02929699EA600F91A05 /* SendTVC.xib in Resources */,
				5F0184792968588C005F9EBF /* TodaysTaskVC.xib in Resources */,
				5F9EC2F6296DC967002FC1D2 /* SignUpVC.xib in Resources */,
				5F01844C296856F5005F9EBF /* LaunchScreen.storyboard in Resources */,
				5F018449296856F5005F9EBF /* Assets.xcassets in Resources */,
				5F0184782968588C005F9EBF /* HomeVC.xib in Resources */,
				52568B73296C5346006F337E /* pulse.json in Resources */,
				416248A2296962260080C77A /* TaskVC.xib in Resources */,
				5F9EC2F7296DC967002FC1D2 /* LanguageVC.xib in Resources */,
				5F9EC2F8296DC967002FC1D2 /* StartVC.xib in Resources */,
				5F2C4BD42969855100D0285D /* EndTaskVC.xib in Resources */,
				5205E02529699E8C00F91A05 /* GetTVC.xib in Resources */,
				5F01846F29685881005F9EBF /* SettingsTVC.xib in Resources */,
				5F01845E29685819005F9EBF /* LexendDeca-SemiBold.ttf in Resources */,
			);
			runOnlyForDeploymentPostprocessing = 0;
		};
/* End PBXResourcesBuildPhase section */

/* Begin PBXShellScriptBuildPhase section */
		31B61AA01B03A3D3E188FB1D /* [CP] Embed Pods Frameworks */ = {
			isa = PBXShellScriptBuildPhase;
			buildActionMask = 2147483647;
			files = (
			);
			inputFileListPaths = (
				"${PODS_ROOT}/Target Support Files/Pods-Task_Managment/Pods-Task_Managment-frameworks-${CONFIGURATION}-input-files.xcfilelist",
			);
			name = "[CP] Embed Pods Frameworks";
			outputFileListPaths = (
				"${PODS_ROOT}/Target Support Files/Pods-Task_Managment/Pods-Task_Managment-frameworks-${CONFIGURATION}-output-files.xcfilelist",
			);
			runOnlyForDeploymentPostprocessing = 0;
			shellPath = /bin/sh;
			shellScript = "\"${PODS_ROOT}/Target Support Files/Pods-Task_Managment/Pods-Task_Managment-frameworks.sh\"\n";
			showEnvVarsInLog = 0;
		};
		DFE517A797FDAF5FCABFDCC2 /* [CP] Check Pods Manifest.lock */ = {
			isa = PBXShellScriptBuildPhase;
			buildActionMask = 2147483647;
			files = (
			);
			inputFileListPaths = (
			);
			inputPaths = (
				"${PODS_PODFILE_DIR_PATH}/Podfile.lock",
				"${PODS_ROOT}/Manifest.lock",
			);
			name = "[CP] Check Pods Manifest.lock";
			outputFileListPaths = (
			);
			outputPaths = (
				"$(DERIVED_FILE_DIR)/Pods-Task_Managment-checkManifestLockResult.txt",
			);
			runOnlyForDeploymentPostprocessing = 0;
			shellPath = /bin/sh;
			shellScript = "diff \"${PODS_PODFILE_DIR_PATH}/Podfile.lock\" \"${PODS_ROOT}/Manifest.lock\" > /dev/null\nif [ $? != 0 ] ; then\n    # print error to STDERR\n    echo \"error: The sandbox is not in sync with the Podfile.lock. Run 'pod install' or update your CocoaPods installation.\" >&2\n    exit 1\nfi\n# This output is used by Xcode 'outputs' to avoid re-running this script phase.\necho \"SUCCESS\" > \"${SCRIPT_OUTPUT_FILE_0}\"\n";
			showEnvVarsInLog = 0;
		};
/* End PBXShellScriptBuildPhase section */

/* Begin PBXSourcesBuildPhase section */
		5F018438296856F4005F9EBF /* Sources */ = {
			isa = PBXSourcesBuildPhase;
			buildActionMask = 2147483647;
			files = (
				41C606D429686760001BF536 /* LanguageDM.swift in Sources */,
				5F01849929685D55005F9EBF /* LanguageCache.swift in Sources */,
				524022F32969557A003C17CE /* StatisticsVC.swift in Sources */,
				5F2C4BD32969855100D0285D /* EndTaskVC.swift in Sources */,
				5205E02429699E8C00F91A05 /* GetTVC.swift in Sources */,
				5F9EC2FC296DC9A6002FC1D2 /* StartVC.swift in Sources */,
				526EDA69296BE16800D5CA8C /* NET.swift in Sources */,
				526EDA6B296BE17000D5CA8C /* API.swift in Sources */,
				5F9EC2FE296DC9A6002FC1D2 /* LanguageVC.swift in Sources */,
				5F018485296858A2005F9EBF /* ProfileVC.swift in Sources */,
				52568B67296C3EE7006F337E /* LoginDM.swift in Sources */,
				416248A1296962260080C77A /* TaskVC.swift in Sources */,
				5F264503296C6636005C480C /* Ex+UIWindow.swift in Sources */,
				5F018440296856F4005F9EBF /* AppDelegate.swift in Sources */,
				5F018489296858A2005F9EBF /* StartTaskVC.swift in Sources */,
				526EDA67296BE15E00D5CA8C /* Reachibility.swift in Sources */,
				524022EE296948A3003C17CE /* DayCVC.swift in Sources */,
				5F9EC2EF296D4811002FC1D2 /* UserDM.swift in Sources */,
				5205E00029698D9500F91A05 /* ChatsVC.swift in Sources */,
				5F01848D296858B0005F9EBF /* SettingsDM.swift in Sources */,
				5F9EC2FD296DC9A6002FC1D2 /* SignUpVC.swift in Sources */,
				5F01846429685824005F9EBF /* Ex+UIView.swift in Sources */,
				5F018487296858A2005F9EBF /* TodaysTaskVC.swift in Sources */,
				5F01846B2968586F005F9EBF /* SettingsTVC.swift in Sources */,
				5F2C4BD02969731E00D0285D /* Ex+String.swift in Sources */,
				52568B69296C4F37006F337E /* Loader.swift in Sources */,
				5F397BBF296869410059A1B0 /* EditProfileVC.swift in Sources */,
				5F01848B296858A2005F9EBF /* HomeVC.swift in Sources */,
				5F2644FD296C590F005C480C /* TaskDM.swift in Sources */,
				5F264501296C5949005C480C /* TaskTVC.swift in Sources */,
				5205E02829699EA600F91A05 /* SendTVC.swift in Sources */,
				5F01846529685824005F9EBF /* Ex+UIViewController.swift in Sources */,
			);
			runOnlyForDeploymentPostprocessing = 0;
		};
/* End PBXSourcesBuildPhase section */

/* Begin PBXVariantGroup section */
		5F01844A296856F5005F9EBF /* LaunchScreen.storyboard */ = {
			isa = PBXVariantGroup;
			children = (
				5F01844B296856F5005F9EBF /* Base */,
			);
			name = LaunchScreen.storyboard;
			sourceTree = "<group>";
		};
/* End PBXVariantGroup section */

/* Begin XCBuildConfiguration section */
		5F01844E296856F5005F9EBF /* Debug */ = {
			isa = XCBuildConfiguration;
			buildSettings = {
				ALWAYS_SEARCH_USER_PATHS = NO;
				CLANG_ANALYZER_NONNULL = YES;
				CLANG_ANALYZER_NUMBER_OBJECT_CONVERSION = YES_AGGRESSIVE;
				CLANG_CXX_LANGUAGE_STANDARD = "gnu++20";
				CLANG_ENABLE_MODULES = YES;
				CLANG_ENABLE_OBJC_ARC = YES;
				CLANG_ENABLE_OBJC_WEAK = YES;
				CLANG_WARN_BLOCK_CAPTURE_AUTORELEASING = YES;
				CLANG_WARN_BOOL_CONVERSION = YES;
				CLANG_WARN_COMMA = YES;
				CLANG_WARN_CONSTANT_CONVERSION = YES;
				CLANG_WARN_DEPRECATED_OBJC_IMPLEMENTATIONS = YES;
				CLANG_WARN_DIRECT_OBJC_ISA_USAGE = YES_ERROR;
				CLANG_WARN_DOCUMENTATION_COMMENTS = YES;
				CLANG_WARN_EMPTY_BODY = YES;
				CLANG_WARN_ENUM_CONVERSION = YES;
				CLANG_WARN_INFINITE_RECURSION = YES;
				CLANG_WARN_INT_CONVERSION = YES;
				CLANG_WARN_NON_LITERAL_NULL_CONVERSION = YES;
				CLANG_WARN_OBJC_IMPLICIT_RETAIN_SELF = YES;
				CLANG_WARN_OBJC_LITERAL_CONVERSION = YES;
				CLANG_WARN_OBJC_ROOT_CLASS = YES_ERROR;
				CLANG_WARN_QUOTED_INCLUDE_IN_FRAMEWORK_HEADER = YES;
				CLANG_WARN_RANGE_LOOP_ANALYSIS = YES;
				CLANG_WARN_STRICT_PROTOTYPES = YES;
				CLANG_WARN_SUSPICIOUS_MOVE = YES;
				CLANG_WARN_UNGUARDED_AVAILABILITY = YES_AGGRESSIVE;
				CLANG_WARN_UNREACHABLE_CODE = YES;
				CLANG_WARN__DUPLICATE_METHOD_MATCH = YES;
				COPY_PHASE_STRIP = NO;
				DEBUG_INFORMATION_FORMAT = dwarf;
				ENABLE_STRICT_OBJC_MSGSEND = YES;
				ENABLE_TESTABILITY = YES;
				GCC_C_LANGUAGE_STANDARD = gnu11;
				GCC_DYNAMIC_NO_PIC = NO;
				GCC_NO_COMMON_BLOCKS = YES;
				GCC_OPTIMIZATION_LEVEL = 0;
				GCC_PREPROCESSOR_DEFINITIONS = (
					"DEBUG=1",
					"$(inherited)",
				);
				GCC_WARN_64_TO_32_BIT_CONVERSION = YES;
				GCC_WARN_ABOUT_RETURN_TYPE = YES_ERROR;
				GCC_WARN_UNDECLARED_SELECTOR = YES;
				GCC_WARN_UNINITIALIZED_AUTOS = YES_AGGRESSIVE;
				GCC_WARN_UNUSED_FUNCTION = YES;
				GCC_WARN_UNUSED_VARIABLE = YES;
				IPHONEOS_DEPLOYMENT_TARGET = 13.0;
				MTL_ENABLE_DEBUG_INFO = INCLUDE_SOURCE;
				MTL_FAST_MATH = YES;
				ONLY_ACTIVE_ARCH = YES;
				SDKROOT = iphoneos;
				SWIFT_ACTIVE_COMPILATION_CONDITIONS = DEBUG;
				SWIFT_OPTIMIZATION_LEVEL = "-Onone";
			};
			name = Debug;
		};
		5F01844F296856F5005F9EBF /* Release */ = {
			isa = XCBuildConfiguration;
			buildSettings = {
				ALWAYS_SEARCH_USER_PATHS = NO;
				CLANG_ANALYZER_NONNULL = YES;
				CLANG_ANALYZER_NUMBER_OBJECT_CONVERSION = YES_AGGRESSIVE;
				CLANG_CXX_LANGUAGE_STANDARD = "gnu++20";
				CLANG_ENABLE_MODULES = YES;
				CLANG_ENABLE_OBJC_ARC = YES;
				CLANG_ENABLE_OBJC_WEAK = YES;
				CLANG_WARN_BLOCK_CAPTURE_AUTORELEASING = YES;
				CLANG_WARN_BOOL_CONVERSION = YES;
				CLANG_WARN_COMMA = YES;
				CLANG_WARN_CONSTANT_CONVERSION = YES;
				CLANG_WARN_DEPRECATED_OBJC_IMPLEMENTATIONS = YES;
				CLANG_WARN_DIRECT_OBJC_ISA_USAGE = YES_ERROR;
				CLANG_WARN_DOCUMENTATION_COMMENTS = YES;
				CLANG_WARN_EMPTY_BODY = YES;
				CLANG_WARN_ENUM_CONVERSION = YES;
				CLANG_WARN_INFINITE_RECURSION = YES;
				CLANG_WARN_INT_CONVERSION = YES;
				CLANG_WARN_NON_LITERAL_NULL_CONVERSION = YES;
				CLANG_WARN_OBJC_IMPLICIT_RETAIN_SELF = YES;
				CLANG_WARN_OBJC_LITERAL_CONVERSION = YES;
				CLANG_WARN_OBJC_ROOT_CLASS = YES_ERROR;
				CLANG_WARN_QUOTED_INCLUDE_IN_FRAMEWORK_HEADER = YES;
				CLANG_WARN_RANGE_LOOP_ANALYSIS = YES;
				CLANG_WARN_STRICT_PROTOTYPES = YES;
				CLANG_WARN_SUSPICIOUS_MOVE = YES;
				CLANG_WARN_UNGUARDED_AVAILABILITY = YES_AGGRESSIVE;
				CLANG_WARN_UNREACHABLE_CODE = YES;
				CLANG_WARN__DUPLICATE_METHOD_MATCH = YES;
				COPY_PHASE_STRIP = NO;
				DEBUG_INFORMATION_FORMAT = "dwarf-with-dsym";
				ENABLE_NS_ASSERTIONS = NO;
				ENABLE_STRICT_OBJC_MSGSEND = YES;
				GCC_C_LANGUAGE_STANDARD = gnu11;
				GCC_NO_COMMON_BLOCKS = YES;
				GCC_WARN_64_TO_32_BIT_CONVERSION = YES;
				GCC_WARN_ABOUT_RETURN_TYPE = YES_ERROR;
				GCC_WARN_UNDECLARED_SELECTOR = YES;
				GCC_WARN_UNINITIALIZED_AUTOS = YES_AGGRESSIVE;
				GCC_WARN_UNUSED_FUNCTION = YES;
				GCC_WARN_UNUSED_VARIABLE = YES;
				IPHONEOS_DEPLOYMENT_TARGET = 13.0;
				MTL_ENABLE_DEBUG_INFO = NO;
				MTL_FAST_MATH = YES;
				SDKROOT = iphoneos;
				SWIFT_COMPILATION_MODE = wholemodule;
				SWIFT_OPTIMIZATION_LEVEL = "-O";
				VALIDATE_PRODUCT = YES;
			};
			name = Release;
		};
		5F018451296856F5005F9EBF /* Debug */ = {
			isa = XCBuildConfiguration;
			baseConfigurationReference = E08D7915ABBC43DEA538AD38 /* Pods-Task_Managment.debug.xcconfig */;
			buildSettings = {
				ASSETCATALOG_COMPILER_APPICON_NAME = AppIcon;
				ASSETCATALOG_COMPILER_GLOBAL_ACCENT_COLOR_NAME = AccentColor;
				CODE_SIGN_STYLE = Automatic;
				CURRENT_PROJECT_VERSION = 1;
				DEVELOPMENT_TEAM = Y4A7N7GK38;
				GENERATE_INFOPLIST_FILE = YES;
				INFOPLIST_FILE = Task_Managment/Info.plist;
				INFOPLIST_KEY_UIApplicationSupportsIndirectInputEvents = YES;
				INFOPLIST_KEY_UILaunchStoryboardName = LaunchScreen;
				INFOPLIST_KEY_UIMainStoryboardFile = "";
				INFOPLIST_KEY_UISupportedInterfaceOrientations_iPad = "UIInterfaceOrientationPortrait UIInterfaceOrientationPortraitUpsideDown UIInterfaceOrientationLandscapeLeft UIInterfaceOrientationLandscapeRight";
				INFOPLIST_KEY_UISupportedInterfaceOrientations_iPhone = "UIInterfaceOrientationPortrait UIInterfaceOrientationLandscapeLeft UIInterfaceOrientationLandscapeRight";
				IPHONEOS_DEPLOYMENT_TARGET = 13.0;
				LD_RUNPATH_SEARCH_PATHS = (
					"$(inherited)",
					"@executable_path/Frameworks",
				);
				MARKETING_VERSION = 1.0;
				PRODUCT_BUNDLE_IDENTIFIER = "humble.dev.Task-Managment";
				PRODUCT_NAME = "$(TARGET_NAME)";
				SUPPORTED_PLATFORMS = "iphoneos iphonesimulator";
				SUPPORTS_MACCATALYST = NO;
				SUPPORTS_MAC_DESIGNED_FOR_IPHONE_IPAD = YES;
				SWIFT_EMIT_LOC_STRINGS = YES;
				SWIFT_VERSION = 5.0;
				TARGETED_DEVICE_FAMILY = 1;
			};
			name = Debug;
		};
		5F018452296856F5005F9EBF /* Release */ = {
			isa = XCBuildConfiguration;
			baseConfigurationReference = 463C7CDD1E2BFC1B3791599C /* Pods-Task_Managment.release.xcconfig */;
			buildSettings = {
				ASSETCATALOG_COMPILER_APPICON_NAME = AppIcon;
				ASSETCATALOG_COMPILER_GLOBAL_ACCENT_COLOR_NAME = AccentColor;
				CODE_SIGN_STYLE = Automatic;
				CURRENT_PROJECT_VERSION = 1;
				DEVELOPMENT_TEAM = Y4A7N7GK38;
				GENERATE_INFOPLIST_FILE = YES;
				INFOPLIST_FILE = Task_Managment/Info.plist;
				INFOPLIST_KEY_UIApplicationSupportsIndirectInputEvents = YES;
				INFOPLIST_KEY_UILaunchStoryboardName = LaunchScreen;
				INFOPLIST_KEY_UIMainStoryboardFile = "";
				INFOPLIST_KEY_UISupportedInterfaceOrientations_iPad = "UIInterfaceOrientationPortrait UIInterfaceOrientationPortraitUpsideDown UIInterfaceOrientationLandscapeLeft UIInterfaceOrientationLandscapeRight";
				INFOPLIST_KEY_UISupportedInterfaceOrientations_iPhone = "UIInterfaceOrientationPortrait UIInterfaceOrientationLandscapeLeft UIInterfaceOrientationLandscapeRight";
				IPHONEOS_DEPLOYMENT_TARGET = 13.0;
				LD_RUNPATH_SEARCH_PATHS = (
					"$(inherited)",
					"@executable_path/Frameworks",
				);
				MARKETING_VERSION = 1.0;
				PRODUCT_BUNDLE_IDENTIFIER = "humble.dev.Task-Managment";
				PRODUCT_NAME = "$(TARGET_NAME)";
				SUPPORTED_PLATFORMS = "iphoneos iphonesimulator";
				SUPPORTS_MACCATALYST = NO;
				SUPPORTS_MAC_DESIGNED_FOR_IPHONE_IPAD = YES;
				SWIFT_EMIT_LOC_STRINGS = YES;
				SWIFT_VERSION = 5.0;
				TARGETED_DEVICE_FAMILY = 1;
			};
			name = Release;
		};
/* End XCBuildConfiguration section */

/* Begin XCConfigurationList section */
		5F018437296856F4005F9EBF /* Build configuration list for PBXProject "Task_Managment" */ = {
			isa = XCConfigurationList;
			buildConfigurations = (
				5F01844E296856F5005F9EBF /* Debug */,
				5F01844F296856F5005F9EBF /* Release */,
			);
			defaultConfigurationIsVisible = 0;
			defaultConfigurationName = Release;
		};
		5F018450296856F5005F9EBF /* Build configuration list for PBXNativeTarget "Task_Managment" */ = {
			isa = XCConfigurationList;
			buildConfigurations = (
				5F018451296856F5005F9EBF /* Debug */,
				5F018452296856F5005F9EBF /* Release */,
			);
			defaultConfigurationIsVisible = 0;
			defaultConfigurationName = Release;
		};
/* End XCConfigurationList section */
	};
	rootObject = 5F018434296856F4005F9EBF /* Project object */;
}
